
Microsoft Visual Studio Solution File, Format Version 12.00
# Visual Studio Version 17
VisualStudioVersion = 17.7.34018.315
MinimumVisualStudioVersion = 10.0.40219.1
Project("{FAE04EC0-301F-11D3-BF4B-00C04F79EFBC}") = "Homework_25_08", "Homework_25_08.csproj", "{EA226108-BB34-4C8E-B838-A7DBDCB07821}"
EndProject
Global
	GlobalSection(SolutionConfigurationPlatforms) = preSolution
		Debug|Any CPU = Debug|Any CPU
		Release|Any CPU = Release|Any CPU
	EndGlobalSection
	GlobalSection(ProjectConfigurationPlatforms) = postSolution
		{EA226108-BB34-4C8E-B838-A7DBDCB07821}.Debug|Any CPU.ActiveCfg = Debug|Any CPU
		{EA226108-BB34-4C8E-B838-A7DBDCB07821}.Debug|Any CPU.Build.0 = Debug|Any CPU
		{EA226108-BB34-4C8E-B838-A7DBDCB07821}.Release|Any CPU.ActiveCfg = Release|Any CPU
		{EA226108-BB34-4C8E-B838-A7DBDCB07821}.Release|Any CPU.Build.0 = Release|Any CPU
	EndGlobalSection
	GlobalSection(SolutionProperties) = preSolution
		HideSolutionNode = FALSE
	EndGlobalSection
	GlobalSection(ExtensibilityGlobals) = postSolution
		SolutionGuid = {6373CE59-44D7-4056-8B42-45382D42700E}
	EndGlobalSection
EndGlobal
